<?xml version="1.0" encoding="UTF-8" standalone="yes" ?>
<CodeBlocks_project_file>
	<FileVersion major="1" minor="6" />
	<Project>
		<Option title="VisualCortex" />
		<Option pch_mode="2" />
		<Option compiler="gcc" />
		<Build>
			<Target title="Debug">
				<Option output="libVisualCortex" prefix_auto="1" extension_auto="1" />
				<Option working_dir="" />
				<Option object_output="obj/Debug/" />
				<Option type="2" />
				<Option compiler="gcc" />
				<Option createDefFile="1" />
				<Compiler>
					<Add option="-Wall" />
					<Add option="-g" />
				</Compiler>
			</Target>
			<Target title="Release">
				<Option output="libVisualCortex" prefix_auto="1" extension_auto="1" />
				<Option working_dir="" />
				<Option object_output="obj/Release/" />
				<Option type="2" />
				<Option compiler="gcc" />
				<Option createDefFile="1" />
				<Compiler>
					<Add option="-march=core2" />
					<Add option="-fexpensive-optimizations" />
					<Add option="-Os" />
					<Add option="-O3" />
					<Add option="-Wall" />
					<Add option="`pkg-config opencv --cflags`" />
				</Compiler>
				<Linker>
					<Add option="-s" />
				</Linker>
			</Target>
		</Build>
		<Compiler>
			<Add option="-march=core2" />
			<Add option="-fexpensive-optimizations" />
			<Add option="-O3" />
			<Add option="-Wall" />
		</Compiler>
		<Linker>
			<Add option="`pkg-config --libs opencv`" />
		</Linker>
		<Unit filename="CameraPose.c">
			<Option compilerVar="CC" />
		</Unit>
		<Unit filename="CameraPose.h" />
		<Unit filename="DisparityDepthMap.c">
			<Option compilerVar="CC" />
		</Unit>
		<Unit filename="DisparityDepthMap.h" />
		<Unit filename="DisparityDepthMap_Heuristics.c">
			<Option compilerVar="CC" />
		</Unit>
		<Unit filename="DisparityDepthMap_Heuristics.h" />
		<Unit filename="FaceDetection.c">
			<Option compilerVar="CC" />
		</Unit>
		<Unit filename="FaceDetection.h" />
		<Unit filename="FeatureExtraction.c">
			<Option compilerVar="CC" />
		</Unit>
		<Unit filename="FeatureExtraction.h" />
		<Unit filename="FeatureLists.c">
			<Option compilerVar="CC" />
		</Unit>
		<Unit filename="FeatureLists.h" />
		<Unit filename="FeatureTracking.c">
			<Option compilerVar="CC" />
		</Unit>
		<Unit filename="FeatureTracking.h" />
		<Unit filename="IntegralImageConversion.c">
			<Option compilerVar="CC" />
		</Unit>
		<Unit filename="IntegralImageConversion.h" />
		<Unit filename="LinearAlgebra.c">
			<Option compilerVar="CC" />
		</Unit>
		<Unit filename="LinearAlgebra.h" />
		<Unit filename="Matrix.c">
			<Option compilerVar="CC" />
		</Unit>
		<Unit filename="Matrix.h" />
		<Unit filename="MovementRegistration.c">
			<Option compilerVar="CC" />
		</Unit>
		<Unit filename="MovementRegistration.h" />
		<Unit filename="PatchComparison.c">
			<Option compilerVar="CC" />
		</Unit>
		<Unit filename="PatchComparison.h" />
		<Unit filename="PatternRecognition.c">
			<Option compilerVar="CC" />
		</Unit>
		<Unit filename="PatternRecognition.h" />
		<Unit filename="Precalculations.c">
			<Option compilerVar="CC" />
		</Unit>
		<Unit filename="Precalculations.h" />
		<Unit filename="StateSetting.c">
			<Option compilerVar="CC" />
		</Unit>
		<Unit filename="StateSetting.h" />
		<Unit filename="StatisticsGeneration.c">
			<Option compilerVar="CC" />
		</Unit>
		<Unit filename="StatisticsGeneration.h" />
		<Unit filename="VideoInputAdapter.c">
			<Option compilerVar="CC" />
		</Unit>
		<Unit filename="VideoInputAdapter.h" />
		<Unit filename="VisCortexConvolutionFilters.c">
			<Option compilerVar="CC" />
		</Unit>
		<Unit filename="VisCortexConvolutionFilters.h" />
		<Unit filename="VisCortexFilters.c">
			<Option compilerVar="CC" />
		</Unit>
		<Unit filename="VisCortexFilters.h" />
		<Unit filename="VisCortexHeuristics.c">
			<Option compilerVar="CC" />
		</Unit>
		<Unit filename="VisCortexHeuristics.h" />
		<Unit filename="VisCortexOptimizedConvolutionFilters.c">
			<Option compilerVar="CC" />
		</Unit>
		<Unit filename="VisCortexOptimizedConvolutionFilters.h" />
		<Unit filename="VisCortexTimer.c">
			<Option compilerVar="CC" />
		</Unit>
		<Unit filename="VisCortexTimer.h" />
		<Unit filename="VisionMemory.c">
			<Option compilerVar="CC" />
		</Unit>
		<Unit filename="VisionMemory.h" />
		<Unit filename="VisualCortex.c">
			<Option compilerVar="CC" />
		</Unit>
		<Unit filename="VisualCortex.h" />
		<Extensions>
			<code_completion />
			<envvars />
			<debugger />
			<DoxyBlocks>
				<comment_style block="0" line="0" />
				<doxyfile_project />
				<doxyfile_build />
				<doxyfile_warnings />
				<doxyfile_output />
				<doxyfile_dot />
				<general />
			</DoxyBlocks>
		</Extensions>
	</Project>
</CodeBlocks_project_file>
