<?xml version="1.0" encoding="UTF-8" standalone="yes" ?>
<CodeBlocks_project_file>
	<FileVersion major="1" minor="6" />
	<Project>
		<Option title="RoboVisionCLI" />
		<Option pch_mode="2" />
		<Option compiler="gcc" />
		<Build>
			<Target title="Debug">
				<Option output="robovision" prefix_auto="1" extension_auto="1" />
				<Option object_output="obj/Debug/" />
				<Option type="1" />
				<Option compiler="gcc" />
				<Compiler>
					<Add option="-g" />
				</Compiler>
			</Target>
			<Target title="Release">
				<Option output="robovision" prefix_auto="1" extension_auto="1" />
				<Option object_output="obj/Release/" />
				<Option type="1" />
				<Option compiler="gcc" />
				<Compiler>
					<Add option="-fexpensive-optimizations" />
					<Add option="-O2" />
				</Compiler>
				<Linker>
					<Add option="-s" />
				</Linker>
			</Target>
		</Build>
		<Compiler>
			<Add option="-Wall" />
			<Add option="-fexceptions" />
		</Compiler>
		<Linker>
			<Add option="../RoboKernel/libRoboKernel.a" />
			<Add option="../VideoInput/libVideoInput.a" />
			<Add option="../VisualCortex/libVisualCortex.a" />
			<Add option="../InputParser/libInputParser_C.a" />
			<Add option="../MotorFoundation/libMotorHAL.a" />
			<Add option="../MotorFoundation/MD23/libMD23.a" />
			<Add option="../MotorFoundation/Arduino/libRoboVisionSensorLib.a" />
			<Add option="../WorldMapping/MasterpathPlanning/libMasterpathPlanning.a" />
			<Add option="../WorldMapping/MasterWorld/libMasterWorld.a" />
			<Add option="../RVKnowledgeBase/libRVKnowledgeBase.a" />
			<Add option="../3dpartylibs/fast/libFast.a" />
			<Add option="`pkg-config --libs opencv`" />
			<Add option="-pthread" />
			<Add option="-lgsl" />
			<Add option="-lgslcblas" />
			<Add option="-lm" />
			<Add option="-lpng" />
			<Add option="-ljpeg" />
			<Add option="-lrt" />
		</Linker>
		<Unit filename="main.cpp" />
		<Extensions>
			<code_completion />
			<envvars />
			<lib_finder disable_auto="1" />
			<debugger />
		</Extensions>
	</Project>
</CodeBlocks_project_file>
