<?xml version="1.0" encoding="UTF-8" standalone="yes" ?>
<CodeBlocks_project_file>
	<FileVersion major="1" minor="6" />
	<Project>
		<Option title="VideoInput_C" />
		<Option pch_mode="2" />
		<Option compiler="gcc" />
		<Build>
			<Target title="Debug">
				<Option output="libVideoInput" prefix_auto="1" extension_auto="1" />
				<Option working_dir="" />
				<Option object_output="obj/Debug/" />
				<Option type="2" />
				<Option compiler="gcc" />
				<Option createDefFile="1" />
				<Compiler>
					<Add option="-Wall" />
					<Add option="-g" />
				</Compiler>
			</Target>
			<Target title="Release">
				<Option output="libVideoInput" prefix_auto="1" extension_auto="1" />
				<Option working_dir="" />
				<Option object_output="obj/Release/" />
				<Option type="2" />
				<Option compiler="gcc" />
				<Option createDefFile="1" />
				<Compiler>
					<Add option="-Wall" />
					<Add option="-O2" />
				</Compiler>
				<Linker>
					<Add option="-s" />
				</Linker>
			</Target>
		</Build>
		<Unit filename="PixelFormatConversions.c">
			<Option compilerVar="CC" />
		</Unit>
		<Unit filename="PixelFormatConversions.h" />
		<Unit filename="PixelFormats.c">
			<Option compilerVar="CC" />
		</Unit>
		<Unit filename="PixelFormats.h" />
		<Unit filename="PrintV4L2.c">
			<Option compilerVar="CC" />
		</Unit>
		<Unit filename="PrintV4L2.h" />
		<Unit filename="V4L2_c.c">
			<Option compilerVar="CC" />
		</Unit>
		<Unit filename="V4L2_c.h" />
		<Unit filename="VideoInput.h" />
		<Unit filename="image_storage.c">
			<Option compilerVar="CC" />
		</Unit>
		<Unit filename="image_storage.h" />
		<Unit filename="image_storage_jpg.c">
			<Option compilerVar="CC" />
		</Unit>
		<Unit filename="image_storage_jpg.h" />
		<Unit filename="image_storage_png.c">
			<Option compilerVar="CC" />
		</Unit>
		<Unit filename="image_storage_png.h" />
		<Unit filename="main.c">
			<Option compilerVar="CC" />
		</Unit>
		<Unit filename="state.c">
			<Option compilerVar="CC" />
		</Unit>
		<Unit filename="state.h" />
		<Unit filename="tools.c">
			<Option compilerVar="CC" />
		</Unit>
		<Unit filename="tools.h" />
		<Extensions>
			<envvars />
			<code_completion />
			<lib_finder disable_auto="1" />
			<debugger />
		</Extensions>
	</Project>
</CodeBlocks_project_file>
